# Code generated by scarb DO NOT EDIT.
version = 1

[[package]]
name = "ripemd160"
version = "0.1.0"
source = "git+https://github.com/j1mbo64/ripemd160_cairo.git#cdc5ab58b0acc64db87e0b03851fb18213977dc8"

[[package]]
name = "sha1"
version = "0.1.0"
source = "git+https://github.com/j1mbo64/sha1_cairo.git#280b4c64ae457fdc4bd7cd807efd17e8dced654e"

[[package]]
name = "shinigami_cmds"
version = "0.1.0"
dependencies = [
 "shinigami_compiler",
 "shinigami_engine",
 "shinigami_tests",
 "shinigami_utils",
 "snforge_std",
]

[[package]]
name = "shinigami_compiler"
version = "0.1.0"
dependencies = [
 "shinigami_engine",
 "shinigami_utils",
 "snforge_std",
]

[[package]]
name = "shinigami_engine"
version = "0.1.0"
dependencies = [
 "ripemd160",
 "sha1",
 "shinigami_utils",
]

[[package]]
name = "shinigami_tests"
version = "0.1.0"
dependencies = [
 "ripemd160",
 "shinigami_compiler",
 "shinigami_engine",
 "shinigami_utils",
 "snforge_std",
]

[[package]]
name = "shinigami_utils"
version = "0.1.0"
dependencies = [
 "snforge_std",
]

[[package]]
name = "snforge_scarb_plugin"
version = "0.31.0"
source = "registry+https://scarbs.xyz/"
checksum = "sha256:1fce075fcbf7fce1b0935f6f9a034549704837fb221da212d3b6e9134cebfdaa"

[[package]]
name = "snforge_std"
version = "0.31.0"
source = "registry+https://scarbs.xyz/"
checksum = "sha256:60ac980b297281f9a59a5f1668cb56bdea1b28fd2f8008008270f9a3c91ad3ba"
dependencies = [
 "snforge_scarb_plugin",
]
